// !$*UTF8*$!
{
	archiveVersion = 1;
	classes = {
	};
	objectVersion = 50;
	objects = {

/* Begin PBXBuildFile section */
		879EEAFB24ACB80800979E74 /* AppDelegate.swift in Sources */ = {isa = PBXBuildFile; fileRef = 879EEAFA24ACB80800979E74 /* AppDelegate.swift */; };
		879EEAFD24ACB80800979E74 /* SceneDelegate.swift in Sources */ = {isa = PBXBuildFile; fileRef = 879EEAFC24ACB80800979E74 /* SceneDelegate.swift */; };
		879EEAFF24ACB80800979E74 /* ViewController.swift in Sources */ = {isa = PBXBuildFile; fileRef = 879EEAFE24ACB80800979E74 /* ViewController.swift */; };
		879EEB0224ACB80800979E74 /* Main.storyboard in Resources */ = {isa = PBXBuildFile; fileRef = 879EEB0024ACB80800979E74 /* Main.storyboard */; };
		879EEB0424ACB80B00979E74 /* Assets.xcassets in Resources */ = {isa = PBXBuildFile; fileRef = 879EEB0324ACB80B00979E74 /* Assets.xcassets */; };
		879EEB0724ACB80B00979E74 /* LaunchScreen.storyboard in Resources */ = {isa = PBXBuildFile; fileRef = 879EEB0524ACB80B00979E74 /* LaunchScreen.storyboard */; };
		879EEB1224ACB80B00979E74 /* TodoAppTests.swift in Sources */ = {isa = PBXBuildFile; fileRef = 879EEB1124ACB80B00979E74 /* TodoAppTests.swift */; };
		879EEB1D24ACB80B00979E74 /* TodoAppUITests.swift in Sources */ = {isa = PBXBuildFile; fileRef = 879EEB1C24ACB80B00979E74 /* TodoAppUITests.swift */; };
/* End PBXBuildFile section */

/* Begin PBXContainerItemProxy section */
		879EEB0E24ACB80B00979E74 /* PBXContainerItemProxy */ = {
			isa = PBXContainerItemProxy;
			containerPortal = 879EEAEF24ACB80800979E74 /* Project object */;
			proxyType = 1;
			remoteGlobalIDString = 879EEAF624ACB80800979E74;
			remoteInfo = TodoApp;
		};
		879EEB1924ACB80B00979E74 /* PBXContainerItemProxy */ = {
			isa = PBXContainerItemProxy;
			containerPortal = 879EEAEF24ACB80800979E74 /* Project object */;
			proxyType = 1;
			remoteGlobalIDString = 879EEAF624ACB80800979E74;
			remoteInfo = TodoApp;
		};
/* End PBXContainerItemProxy section */

/* Begin PBXFileReference section */
		879EEAF724ACB80800979E74 /* TodoApp.app */ = {isa = PBXFileReference; explicitFileType = wrapper.application; includeInIndex = 0; path = TodoApp.app; sourceTree = BUILT_PRODUCTS_DIR; };
		879EEAFA24ACB80800979E74 /* AppDelegate.swift */ = {isa = PBXFileReference; lastKnownFileType = sourcecode.swift; path = AppDelegate.swift; sourceTree = "<group>"; };
		879EEAFC24ACB80800979E74 /* SceneDelegate.swift */ = {isa = PBXFileReference; lastKnownFileType = sourcecode.swift; path = SceneDelegate.swift; sourceTree = "<group>"; };
		879EEAFE24ACB80800979E74 /* ViewController.swift */ = {isa = PBXFileReference; lastKnownFileType = sourcecode.swift; path = ViewController.swift; sourceTree = "<group>"; };
		879EEB0124ACB80800979E74 /* Base */ = {isa = PBXFileReference; lastKnownFileType = file.storyboard; name = Base; path = Base.lproj/Main.storyboard; sourceTree = "<group>"; };
		879EEB0324ACB80B00979E74 /* Assets.xcassets */ = {isa = PBXFileReference; lastKnownFileType = folder.assetcatalog; path = Assets.xcassets; sourceTree = "<group>"; };
		879EEB0624ACB80B00979E74 /* Base */ = {isa = PBXFileReference; lastKnownFileType = file.storyboard; name = Base; path = Base.lproj/LaunchScreen.storyboard; sourceTree = "<group>"; };
		879EEB0824ACB80B00979E74 /* Info.plist */ = {isa = PBXFileReference; lastKnownFileType = text.plist.xml; path = Info.plist; sourceTree = "<group>"; };
		879EEB0D24ACB80B00979E74 /* TodoAppTests.xctest */ = {isa = PBXFileReference; explicitFileType = wrapper.cfbundle; includeInIndex = 0; path = TodoAppTests.xctest; sourceTree = BUILT_PRODUCTS_DIR; };
		879EEB1124ACB80B00979E74 /* TodoAppTests.swift */ = {isa = PBXFileReference; lastKnownFileType = sourcecode.swift; path = TodoAppTests.swift; sourceTree = "<group>"; };
		879EEB1324ACB80B00979E74 /* Info.plist */ = {isa = PBXFileReference; lastKnownFileType = text.plist.xml; path = Info.plist; sourceTree = "<group>"; };
		879EEB1824ACB80B00979E74 /* TodoAppUITests.xctest */ = {isa = PBXFileReference; explicitFileType = wrapper.cfbundle; includeInIndex = 0; path = TodoAppUITests.xctest; sourceTree = BUILT_PRODUCTS_DIR; };
		879EEB1C24ACB80B00979E74 /* TodoAppUITests.swift */ = {isa = PBXFileReference; lastKnownFileType = sourcecode.swift; path = TodoAppUITests.swift; sourceTree = "<group>"; };
		879EEB1E24ACB80B00979E74 /* Info.plist */ = {isa = PBXFileReference; lastKnownFileType = text.plist.xml; path = Info.plist; sourceTree = "<group>"; };
/* End PBXFileReference section */

/* Begin PBXFrameworksBuildPhase section */
		879EEAF424ACB80800979E74 /* Frameworks */ = {
			isa = PBXFrameworksBuildPhase;
			buildActionMask = 2147483647;
			files = (
			);
			runOnlyForDeploymentPostprocessing = 0;
		};
		879EEB0A24ACB80B00979E74 /* Frameworks */ = {
			isa = PBXFrameworksBuildPhase;
			buildActionMask = 2147483647;
			files = (
			);
			runOnlyForDeploymentPostprocessing = 0;
		};
		879EEB1524ACB80B00979E74 /* Frameworks */ = {
			isa = PBXFrameworksBuildPhase;
			buildActionMask = 2147483647;
			files = (
			);
			runOnlyForDeploymentPostprocessing = 0;
		};
/* End PBXFrameworksBuildPhase section */

/* Begin PBXGroup section */
		879EEAEE24ACB80800979E74 = {
			isa = PBXGroup;
			children = (
				879EEAF924ACB80800979E74 /* TodoApp */,
				879EEB1024ACB80B00979E74 /* TodoAppTests */,
				879EEB1B24ACB80B00979E74 /* TodoAppUITests */,
				879EEAF824ACB80800979E74 /* Products */,
			);
			sourceTree = "<group>";
		};
		879EEAF824ACB80800979E74 /* Products */ = {
			isa = PBXGroup;
			children = (
				879EEAF724ACB80800979E74 /* TodoApp.app */,
				879EEB0D24ACB80B00979E74 /* TodoAppTests.xctest */,
				879EEB1824ACB80B00979E74 /* TodoAppUITests.xctest */,
			);
			name = Products;
			sourceTree = "<group>";
		};
		879EEAF924ACB80800979E74 /* TodoApp */ = {
			isa = PBXGroup;
			children = (
				879EEAFA24ACB80800979E74 /* AppDelegate.swift */,
				879EEAFC24ACB80800979E74 /* SceneDelegate.swift */,
				879EEAFE24ACB80800979E74 /* ViewController.swift */,
				879EEB0024ACB80800979E74 /* Main.storyboard */,
				879EEB0324ACB80B00979E74 /* Assets.xcassets */,
				879EEB0524ACB80B00979E74 /* LaunchScreen.storyboard */,
				879EEB0824ACB80B00979E74 /* Info.plist */,
			);
			path = TodoApp;
			sourceTree = "<group>";
		};
		879EEB1024ACB80B00979E74 /* TodoAppTests */ = {
			isa = PBXGroup;
			children = (
				879EEB1124ACB80B00979E74 /* TodoAppTests.swift */,
				879EEB1324ACB80B00979E74 /* Info.plist */,
			);
			path = TodoAppTests;
			sourceTree = "<group>";
		};
		879EEB1B24ACB80B00979E74 /* TodoAppUITests */ = {
			isa = PBXGroup;
			children = (
				879EEB1C24ACB80B00979E74 /* TodoAppUITests.swift */,
				879EEB1E24ACB80B00979E74 /* Info.plist */,
			);
			path = TodoAppUITests;
			sourceTree = "<group>";
		};
/* End PBXGroup section */

/* Begin PBXNativeTarget section */
		879EEAF624ACB80800979E74 /* TodoApp */ = {
			isa = PBXNativeTarget;
			buildConfigurationList = 879EEB2124ACB80B00979E74 /* Build configuration list for PBXNativeTarget "TodoApp" */;
			buildPhases = (
				879EEAF324ACB80800979E74 /* Sources */,
				879EEAF424ACB80800979E74 /* Frameworks */,
				879EEAF524ACB80800979E74 /* Resources */,
			);
			buildRules = (
			);
			dependencies = (
			);
			name = TodoApp;
			productName = TodoApp;
			productReference = 879EEAF724ACB80800979E74 /* TodoApp.app */;
			productType = "com.apple.product-type.application";
		};
		879EEB0C24ACB80B00979E74 /* TodoAppTests */ = {
			isa = PBXNativeTarget;
			buildConfigurationList = 879EEB2424ACB80B00979E74 /* Build configuration list for PBXNativeTarget "TodoAppTests" */;
			buildPhases = (
				879EEB0924ACB80B00979E74 /* Sources */,
				879EEB0A24ACB80B00979E74 /* Frameworks */,
				879EEB0B24ACB80B00979E74 /* Resources */,
			);
			buildRules = (
			);
			dependencies = (
				879EEB0F24ACB80B00979E74 /* PBXTargetDependency */,
			);
			name = TodoAppTests;
			productName = TodoAppTests;
			productReference = 879EEB0D24ACB80B00979E74 /* TodoAppTests.xctest */;
			productType = "com.apple.product-type.bundle.unit-test";
		};
		879EEB1724ACB80B00979E74 /* TodoAppUITests */ = {
			isa = PBXNativeTarget;
			buildConfigurationList = 879EEB2724ACB80B00979E74 /* Build configuration list for PBXNativeTarget "TodoAppUITests" */;
			buildPhases = (
				879EEB1424ACB80B00979E74 /* Sources */,
				879EEB1524ACB80B00979E74 /* Frameworks */,
				879EEB1624ACB80B00979E74 /* Resources */,
			);
			buildRules = (
			);
			dependencies = (
				879EEB1A24ACB80B00979E74 /* PBXTargetDependency */,
			);
			name = TodoAppUITests;
			productName = TodoAppUITests;
			productReference = 879EEB1824ACB80B00979E74 /* TodoAppUITests.xctest */;
			productType = "com.apple.product-type.bundle.ui-testing";
		};
/* End PBXNativeTarget section */

/* Begin PBXProject section */
		879EEAEF24ACB80800979E74 /* Project object */ = {
			isa = PBXProject;
			attributes = {
				LastSwiftUpdateCheck = 1150;
				LastUpgradeCheck = 1150;
				ORGANIZATIONNAME = "Thohirah Husaini";
				TargetAttributes = {
					879EEAF624ACB80800979E74 = {
						CreatedOnToolsVersion = 11.5;
					};
					879EEB0C24ACB80B00979E74 = {
						CreatedOnToolsVersion = 11.5;
						TestTargetID = 879EEAF624ACB80800979E74;
					};
					879EEB1724ACB80B00979E74 = {
						CreatedOnToolsVersion = 11.5;
						TestTargetID = 879EEAF624ACB80800979E74;
					};
				};
			};
			buildConfigurationList = 879EEAF224ACB80800979E74 /* Build configuration list for PBXProject "TodoApp" */;
			compatibilityVersion = "Xcode 9.3";
			developmentRegion = en;
			hasScannedForEncodings = 0;
			knownRegions = (
				en,
				Base,
			);
			mainGroup = 879EEAEE24ACB80800979E74;
			productRefGroup = 879EEAF824ACB80800979E74 /* Products */;
			projectDirPath = "";
			projectRoot = "";
			targets = (
				879EEAF624ACB80800979E74 /* TodoApp */,
				879EEB0C24ACB80B00979E74 /* TodoAppTests */,
				879EEB1724ACB80B00979E74 /* TodoAppUITests */,
			);
		};
/* End PBXProject section */

/* Begin PBXResourcesBuildPhase section */
		879EEAF524ACB80800979E74 /* Resources */ = {
			isa = PBXResourcesBuildPhase;
			buildActionMask = 2147483647;
			files = (
				879EEB0724ACB80B00979E74 /* LaunchScreen.storyboard in Resources */,
				879EEB0424ACB80B00979E74 /* Assets.xcassets in Resources */,
				879EEB0224ACB80800979E74 /* Main.storyboard in Resources */,
			);
			runOnlyForDeploymentPostprocessing = 0;
		};
		879EEB0B24ACB80B00979E74 /* Resources */ = {
			isa = PBXResourcesBuildPhase;
			buildActionMask = 2147483647;
			files = (
			);
			runOnlyForDeploymentPostprocessing = 0;
		};
		879EEB1624ACB80B00979E74 /* Resources */ = {
			isa = PBXResourcesBuildPhase;
			buildActionMask = 2147483647;
			files = (
			);
			runOnlyForDeploymentPostprocessing = 0;
		};
/* End PBXResourcesBuildPhase section */

/* Begin PBXSourcesBuildPhase section */
		879EEAF324ACB80800979E74 /* Sources */ = {
			isa = PBXSourcesBuildPhase;
			buildActionMask = 2147483647;
			files = (
				879EEAFF24ACB80800979E74 /* ViewController.swift in Sources */,
				879EEAFB24ACB80800979E74 /* AppDelegate.swift in Sources */,
				879EEAFD24ACB80800979E74 /* SceneDelegate.swift in Sources */,
			);
			runOnlyForDeploymentPostprocessing = 0;
		};
		879EEB0924ACB80B00979E74 /* Sources */ = {
			isa = PBXSourcesBuildPhase;
			buildActionMask = 2147483647;
			files = (
				879EEB1224ACB80B00979E74 /* TodoAppTests.swift in Sources */,
			);
			runOnlyForDeploymentPostprocessing = 0;
		};
		879EEB1424ACB80B00979E74 /* Sources */ = {
			isa = PBXSourcesBuildPhase;
			buildActionMask = 2147483647;
			files = (
				879EEB1D24ACB80B00979E74 /* TodoAppUITests.swift in Sources */,
			);
			runOnlyForDeploymentPostprocessing = 0;
		};
/* End PBXSourcesBuildPhase section */

/* Begin PBXTargetDependency section */
		879EEB0F24ACB80B00979E74 /* PBXTargetDependency */ = {
			isa = PBXTargetDependency;
			target = 879EEAF624ACB80800979E74 /* TodoApp */;
			targetProxy = 879EEB0E24ACB80B00979E74 /* PBXContainerItemProxy */;
		};
		879EEB1A24ACB80B00979E74 /* PBXTargetDependency */ = {
			isa = PBXTargetDependency;
			target = 879EEAF624ACB80800979E74 /* TodoApp */;
			targetProxy = 879EEB1924ACB80B00979E74 /* PBXContainerItemProxy */;
		};
/* End PBXTargetDependency section */

/* Begin PBXVariantGroup section */
		879EEB0024ACB80800979E74 /* Main.storyboard */ = {
			isa = PBXVariantGroup;
			children = (
				879EEB0124ACB80800979E74 /* Base */,
			);
			name = Main.storyboard;
			sourceTree = "<group>";
		};
		879EEB0524ACB80B00979E74 /* LaunchScreen.storyboard */ = {
			isa = PBXVariantGroup;
			children = (
				879EEB0624ACB80B00979E74 /* Base */,
			);
			name = LaunchScreen.storyboard;
			sourceTree = "<group>";
		};
/* End PBXVariantGroup section */

/* Begin XCBuildConfiguration section */
		879EEB1F24ACB80B00979E74 /* Debug */ = {
			isa = XCBuildConfiguration;
			buildSettings = {
				ALWAYS_SEARCH_USER_PATHS = NO;
				CLANG_ANALYZER_NONNULL = YES;
				CLANG_ANALYZER_NUMBER_OBJECT_CONVERSION = YES_AGGRESSIVE;
				CLANG_CXX_LANGUAGE_STANDARD = "gnu++14";
				CLANG_CXX_LIBRARY = "libc++";
				CLANG_ENABLE_MODULES = YES;
				CLANG_ENABLE_OBJC_ARC = YES;
				CLANG_ENABLE_OBJC_WEAK = YES;
				CLANG_WARN_BLOCK_CAPTURE_AUTORELEASING = YES;
				CLANG_WARN_BOOL_CONVERSION = YES;
				CLANG_WARN_COMMA = YES;
				CLANG_WARN_CONSTANT_CONVERSION = YES;
				CLANG_WARN_DEPRECATED_OBJC_IMPLEMENTATIONS = YES;
				CLANG_WARN_DIRECT_OBJC_ISA_USAGE = YES_ERROR;
				CLANG_WARN_DOCUMENTATION_COMMENTS = YES;
				CLANG_WARN_EMPTY_BODY = YES;
				CLANG_WARN_ENUM_CONVERSION = YES;
				CLANG_WARN_INFINITE_RECURSION = YES;
				CLANG_WARN_INT_CONVERSION = YES;
				CLANG_WARN_NON_LITERAL_NULL_CONVERSION = YES;
				CLANG_WARN_OBJC_IMPLICIT_RETAIN_SELF = YES;
				CLANG_WARN_OBJC_LITERAL_CONVERSION = YES;
				CLANG_WARN_OBJC_ROOT_CLASS = YES_ERROR;
				CLANG_WARN_RANGE_LOOP_ANALYSIS = YES;
				CLANG_WARN_STRICT_PROTOTYPES = YES;
				CLANG_WARN_SUSPICIOUS_MOVE = YES;
				CLANG_WARN_UNGUARDED_AVAILABILITY = YES_AGGRESSIVE;
				CLANG_WARN_UNREACHABLE_CODE = YES;
				CLANG_WARN__DUPLICATE_METHOD_MATCH = YES;
				COPY_PHASE_STRIP = NO;
				DEBUG_INFORMATION_FORMAT = dwarf;
				ENABLE_STRICT_OBJC_MSGSEND = YES;
				ENABLE_TESTABILITY = YES;
				GCC_C_LANGUAGE_STANDARD = gnu11;
				GCC_DYNAMIC_NO_PIC = NO;
				GCC_NO_COMMON_BLOCKS = YES;
				GCC_OPTIMIZATION_LEVEL = 0;
				GCC_PREPROCESSOR_DEFINITIONS = (
					"DEBUG=1",
					"$(inherited)",
				);
				GCC_WARN_64_TO_32_BIT_CONVERSION = YES;
				GCC_WARN_ABOUT_RETURN_TYPE = YES_ERROR;
				GCC_WARN_UNDECLARED_SELECTOR = YES;
				GCC_WARN_UNINITIALIZED_AUTOS = YES_AGGRESSIVE;
				GCC_WARN_UNUSED_FUNCTION = YES;
				GCC_WARN_UNUSED_VARIABLE = YES;
				IPHONEOS_DEPLOYMENT_TARGET = 13.5;
				MTL_ENABLE_DEBUG_INFO = INCLUDE_SOURCE;
				MTL_FAST_MATH = YES;
				ONLY_ACTIVE_ARCH = YES;
				SDKROOT = iphoneos;
				SWIFT_ACTIVE_COMPILATION_CONDITIONS = DEBUG;
				SWIFT_OPTIMIZATION_LEVEL = "-Onone";
			};
			name = Debug;
		};
		879EEB2024ACB80B00979E74 /* Release */ = {
			isa = XCBuildConfiguration;
			buildSettings = {
				ALWAYS_SEARCH_USER_PATHS = NO;
				CLANG_ANALYZER_NONNULL = YES;
				CLANG_ANALYZER_NUMBER_OBJECT_CONVERSION = YES_AGGRESSIVE;
				CLANG_CXX_LANGUAGE_STANDARD = "gnu++14";
				CLANG_CXX_LIBRARY = "libc++";
				CLANG_ENABLE_MODULES = YES;
				CLANG_ENABLE_OBJC_ARC = YES;
				CLANG_ENABLE_OBJC_WEAK = YES;
				CLANG_WARN_BLOCK_CAPTURE_AUTORELEASING = YES;
				CLANG_WARN_BOOL_CONVERSION = YES;
				CLANG_WARN_COMMA = YES;
				CLANG_WARN_CONSTANT_CONVERSION = YES;
				CLANG_WARN_DEPRECATED_OBJC_IMPLEMENTATIONS = YES;
				CLANG_WARN_DIRECT_OBJC_ISA_USAGE = YES_ERROR;
				CLANG_WARN_DOCUMENTATION_COMMENTS = YES;
				CLANG_WARN_EMPTY_BODY = YES;
				CLANG_WARN_ENUM_CONVERSION = YES;
				CLANG_WARN_INFINITE_RECURSION = YES;
				CLANG_WARN_INT_CONVERSION = YES;
				CLANG_WARN_NON_LITERAL_NULL_CONVERSION = YES;
				CLANG_WARN_OBJC_IMPLICIT_RETAIN_SELF = YES;
				CLANG_WARN_OBJC_LITERAL_CONVERSION = YES;
				CLANG_WARN_OBJC_ROOT_CLASS = YES_ERROR;
				CLANG_WARN_RANGE_LOOP_ANALYSIS = YES;
				CLANG_WARN_STRICT_PROTOTYPES = YES;
				CLANG_WARN_SUSPICIOUS_MOVE = YES;
				CLANG_WARN_UNGUARDED_AVAILABILITY = YES_AGGRESSIVE;
				CLANG_WARN_UNREACHABLE_CODE = YES;
				CLANG_WARN__DUPLICATE_METHOD_MATCH = YES;
				COPY_PHASE_STRIP = NO;
				DEBUG_INFORMATION_FORMAT = "dwarf-with-dsym";
				ENABLE_NS_ASSERTIONS = NO;
				ENABLE_STRICT_OBJC_MSGSEND = YES;
				GCC_C_LANGUAGE_STANDARD = gnu11;
				GCC_NO_COMMON_BLOCKS = YES;
				GCC_WARN_64_TO_32_BIT_CONVERSION = YES;
				GCC_WARN_ABOUT_RETURN_TYPE = YES_ERROR;
				GCC_WARN_UNDECLARED_SELECTOR = YES;
				GCC_WARN_UNINITIALIZED_AUTOS = YES_AGGRESSIVE;
				GCC_WARN_UNUSED_FUNCTION = YES;
				GCC_WARN_UNUSED_VARIABLE = YES;
				IPHONEOS_DEPLOYMENT_TARGET = 13.5;
				MTL_ENABLE_DEBUG_INFO = NO;
				MTL_FAST_MATH = YES;
				SDKROOT = iphoneos;
				SWIFT_COMPILATION_MODE = wholemodule;
				SWIFT_OPTIMIZATION_LEVEL = "-O";
				VALIDATE_PRODUCT = YES;
			};
			name = Release;
		};
		879EEB2224ACB80B00979E74 /* Debug */ = {
			isa = XCBuildConfiguration;
			buildSettings = {
				ASSETCATALOG_COMPILER_APPICON_NAME = AppIcon;
				CODE_SIGN_STYLE = Automatic;
				INFOPLIST_FILE = TodoApp/Info.plist;
				LD_RUNPATH_SEARCH_PATHS = (
					"$(inherited)",
					"@executable_path/Frameworks",
				);
				PRODUCT_BUNDLE_IDENTIFIER = com.thoritie.TodoApp;
				PRODUCT_NAME = "$(TARGET_NAME)";
				SWIFT_VERSION = 5.0;
				TARGETED_DEVICE_FAMILY = "1,2";
			};
			name = Debug;
		};
		879EEB2324ACB80B00979E74 /* Release */ = {
			isa = XCBuildConfiguration;
			buildSettings = {
				ASSETCATALOG_COMPILER_APPICON_NAME = AppIcon;
				CODE_SIGN_STYLE = Automatic;
				INFOPLIST_FILE = TodoApp/Info.plist;
				LD_RUNPATH_SEARCH_PATHS = (
					"$(inherited)",
					"@executable_path/Frameworks",
				);
				PRODUCT_BUNDLE_IDENTIFIER = com.thoritie.TodoApp;
				PRODUCT_NAME = "$(TARGET_NAME)";
				SWIFT_VERSION = 5.0;
				TARGETED_DEVICE_FAMILY = "1,2";
			};
			name = Release;
		};
		879EEB2524ACB80B00979E74 /* Debug */ = {
			isa = XCBuildConfiguration;
			buildSettings = {
				ALWAYS_EMBED_SWIFT_STANDARD_LIBRARIES = YES;
				BUNDLE_LOADER = "$(TEST_HOST)";
				CODE_SIGN_STYLE = Automatic;
				INFOPLIST_FILE = TodoAppTests/Info.plist;
				IPHONEOS_DEPLOYMENT_TARGET = 13.5;
				LD_RUNPATH_SEARCH_PATHS = (
					"$(inherited)",
					"@executable_path/Frameworks",
					"@loader_path/Frameworks",
				);
				PRODUCT_BUNDLE_IDENTIFIER = com.thoritie.TodoAppTests;
				PRODUCT_NAME = "$(TARGET_NAME)";
				SWIFT_VERSION = 5.0;
				TARGETED_DEVICE_FAMILY = "1,2";
				TEST_HOST = "$(BUILT_PRODUCTS_DIR)/TodoApp.app/TodoApp";
			};
			name = Debug;
		};
		879EEB2624ACB80B00979E74 /* Release */ = {
			isa = XCBuildConfiguration;
			buildSettings = {
				ALWAYS_EMBED_SWIFT_STANDARD_LIBRARIES = YES;
				BUNDLE_LOADER = "$(TEST_HOST)";
				CODE_SIGN_STYLE = Automatic;
				INFOPLIST_FILE = TodoAppTests/Info.plist;
				IPHONEOS_DEPLOYMENT_TARGET = 13.5;
				LD_RUNPATH_SEARCH_PATHS = (
					"$(inherited)",
					"@executable_path/Frameworks",
					"@loader_path/Frameworks",
				);
				PRODUCT_BUNDLE_IDENTIFIER = com.thoritie.TodoAppTests;
				PRODUCT_NAME = "$(TARGET_NAME)";
				SWIFT_VERSION = 5.0;
				TARGETED_DEVICE_FAMILY = "1,2";
				TEST_HOST = "$(BUILT_PRODUCTS_DIR)/TodoApp.app/TodoApp";
			};
			name = Release;
		};
		879EEB2824ACB80B00979E74 /* Debug */ = {
			isa = XCBuildConfiguration;
			buildSettings = {
				ALWAYS_EMBED_SWIFT_STANDARD_LIBRARIES = YES;
				CODE_SIGN_STYLE = Automatic;
				INFOPLIST_FILE = TodoAppUITests/Info.plist;
				LD_RUNPATH_SEARCH_PATHS = (
					"$(inherited)",
					"@executable_path/Frameworks",
					"@loader_path/Frameworks",
				);
				PRODUCT_BUNDLE_IDENTIFIER = com.thoritie.TodoAppUITests;
				PRODUCT_NAME = "$(TARGET_NAME)";
				SWIFT_VERSION = 5.0;
				TARGETED_DEVICE_FAMILY = "1,2";
				TEST_TARGET_NAME = TodoApp;
			};
			name = Debug;
		};
		879EEB2924ACB80B00979E74 /* Release */ = {
			isa = XCBuildConfiguration;
			buildSettings = {
				ALWAYS_EMBED_SWIFT_STANDARD_LIBRARIES = YES;
				CODE_SIGN_STYLE = Automatic;
				INFOPLIST_FILE = TodoAppUITests/Info.plist;
				LD_RUNPATH_SEARCH_PATHS = (
					"$(inherited)",
					"@executable_path/Frameworks",
					"@loader_path/Frameworks",
				);
				PRODUCT_BUNDLE_IDENTIFIER = com.thoritie.TodoAppUITests;
				PRODUCT_NAME = "$(TARGET_NAME)";
				SWIFT_VERSION = 5.0;
				TARGETED_DEVICE_FAMILY = "1,2";
				TEST_TARGET_NAME = TodoApp;
			};
			name = Release;
		};
/* End XCBuildConfiguration section */

/* Begin XCConfigurationList section */
		879EEAF224ACB80800979E74 /* Build configuration list for PBXProject "TodoApp" */ = {
			isa = XCConfigurationList;
			buildConfigurations = (
				879EEB1F24ACB80B00979E74 /* Debug */,
				879EEB2024ACB80B00979E74 /* Release */,
			);
			defaultConfigurationIsVisible = 0;
			defaultConfigurationName = Release;
		};
		879EEB2124ACB80B00979E74 /* Build configuration list for PBXNativeTarget "TodoApp" */ = {
			isa = XCConfigurationList;
			buildConfigurations = (
				879EEB2224ACB80B00979E74 /* Debug */,
				879EEB2324ACB80B00979E74 /* Release */,
			);
			defaultConfigurationIsVisible = 0;
			defaultConfigurationName = Release;
		};
		879EEB2424ACB80B00979E74 /* Build configuration list for PBXNativeTarget "TodoAppTests" */ = {
			isa = XCConfigurationList;
			buildConfigurations = (
				879EEB2524ACB80B00979E74 /* Debug */,
				879EEB2624ACB80B00979E74 /* Release */,
			);
			defaultConfigurationIsVisible = 0;
			defaultConfigurationName = Release;
		};
		879EEB2724ACB80B00979E74 /* Build configuration list for PBXNativeTarget "TodoAppUITests" */ = {
			isa = XCConfigurationList;
			buildConfigurations = (
				879EEB2824ACB80B00979E74 /* Debug */,
				879EEB2924ACB80B00979E74 /* Release */,
			);
			defaultConfigurationIsVisible = 0;
			defaultConfigurationName = Release;
		};
/* End XCConfigurationList section */
	};
	rootObject = 879EEAEF24ACB80800979E74 /* Project object */;
}
